# @generated by Move, please check-in and do not edit manually.

[move]
version = 3
manifest_digest = "F480EE85917B348AFD66E1FFCBD13D8B331C3254D2E6F8D7B84C1FD383C95CCE"
deps_digest = "F8BBB0CCB2491CA29A3DF03D6F92277A4F3574266507ACD77214D37ECA3F3082"
dependencies = [
  { id = "Sui", name = "Sui" },
]

[[move.package]]
id = "MoveStdlib"
source = { git = "https://github.com/MystenLabs/sui.git", rev = "framework/testnet", subdir = "crates\\sui-framework\\packages\\move-stdlib" }

[[move.package]]
id = "Sui"
source = { git = "https://github.com/MystenLabs/sui.git", rev = "framework/testnet", subdir = "crates/sui-framework/packages/sui-framework" }

dependencies = [
  { id = "MoveStdlib", name = "MoveStdlib" },
]

[move.toolchain-version]
compiler-version = "1.61.2"
edition = "2024.beta"
flavor = "sui"

[env]

[env.testnet]
chain-id = "4c78adac"
original-published-id = "0xd140864e5d0376d7498250a568a1a91e5b7254d0fe2e801cc3038f88a514b45f"
latest-published-id = "0xd140864e5d0376d7498250a568a1a91e5b7254d0fe2e801cc3038f88a514b45f"
published-version = "1"
